
Microsoft Visual Studio Solution File, Format Version 12.00
# Visual Studio Version 16
VisualStudioVersion = 16.0.34031.81
MinimumVisualStudioVersion = 10.0.40219.1
Project("{FAE04EC0-301F-11D3-BF4B-00C04F79EFBC}") = "Proyecto", "Proyecto\Proyecto.csproj", "{40754747-3435-4660-A6B1-4B84C6CDACB6}"
EndProject
Global
	GlobalSection(SolutionConfigurationPlatforms) = preSolution
		Debug|Any CPU = Debug|Any CPU
		Release|Any CPU = Release|Any CPU
	EndGlobalSection
	GlobalSection(ProjectConfigurationPlatforms) = postSolution
		{40754747-3435-4660-A6B1-4B84C6CDACB6}.Debug|Any CPU.ActiveCfg = Debug|Any CPU
		{40754747-3435-4660-A6B1-4B84C6CDACB6}.Debug|Any CPU.Build.0 = Debug|Any CPU
		{40754747-3435-4660-A6B1-4B84C6CDACB6}.Release|Any CPU.ActiveCfg = Release|Any CPU
		{40754747-3435-4660-A6B1-4B84C6CDACB6}.Release|Any CPU.Build.0 = Release|Any CPU
	EndGlobalSection
	GlobalSection(SolutionProperties) = preSolution
		HideSolutionNode = FALSE
	EndGlobalSection
	GlobalSection(ExtensibilityGlobals) = postSolution
		SolutionGuid = {F13C7DDE-CC66-499C-A7D2-3284DF3858C3}
	EndGlobalSection
EndGlobal
